<?xml version="1.0" encoding="utf-8"?>
<Project ToolsVersion="4.0" xmlns="http://schemas.microsoft.com/developer/msbuild/2003">
  <ItemGroup>
    <Filter Include="WhatsThisEngine">
      <UniqueIdentifier>{BA23D51C-26AF-42E1-2FC0-C5D59BCA9EE1}</UniqueIdentifier>
    </Filter>
  </ItemGroup>
  <ItemGroup>
    <ClInclude Include="src\WhatsThisEngine.h" />
    <ClInclude Include="src\WhatsThisEngine\Application.h">
      <Filter>WhatsThisEngine</Filter>
    </ClInclude>
    <ClInclude Include="src\WhatsThisEngine\Core.h">
      <Filter>WhatsThisEngine</Filter>
    </ClInclude>
    <ClInclude Include="src\WhatsThisEngine\EntryPoint.h">
      <Filter>WhatsThisEngine</Filter>
    </ClInclude>
    <ClInclude Include="src\WhatsThisEngine\Log.h">
      <Filter>WhatsThisEngine</Filter>
    </ClInclude>
  </ItemGroup>
  <ItemGroup>
    <ClCompile Include="src\WhatsThisEngine\Application.cpp">
      <Filter>WhatsThisEngine</Filter>
    </ClCompile>
    <ClCompile Include="src\WhatsThisEngine\Log.cpp">
      <Filter>WhatsThisEngine</Filter>
    </ClCompile>
  </ItemGroup>
</Project>